
Microsoft Visual Studio Solution File, Format Version 12.00
# Visual Studio Version 17
VisualStudioVersion = 17.2.32616.157
MinimumVisualStudioVersion = 10.0.40219.1
Project("{9A19103F-16F7-4668-BE54-9A1E7A4F7556}") = "Programatica.Auth.SAML.ServiceProviderUtils", "Programatica.Auth.SAML.ServiceProviderUtils.csproj", "{5ED7F889-8445-44DF-8FD5-4D17AD21ED0D}"
EndProject
Project("{9A19103F-16F7-4668-BE54-9A1E7A4F7556}") = "Programatica.Auth.Saml.SpDemo", "..\demo\Programatica.Auth.Saml.SpDemo.csproj", "{09AC3E65-660A-489B-B505-218D89324C11}"
EndProject
Global
	GlobalSection(SolutionConfigurationPlatforms) = preSolution
		Debug|Any CPU = Debug|Any CPU
		Release|Any CPU = Release|Any CPU
	EndGlobalSection
	GlobalSection(ProjectConfigurationPlatforms) = postSolution
		{5ED7F889-8445-44DF-8FD5-4D17AD21ED0D}.Debug|Any CPU.ActiveCfg = Debug|Any CPU
		{5ED7F889-8445-44DF-8FD5-4D17AD21ED0D}.Debug|Any CPU.Build.0 = Debug|Any CPU
		{5ED7F889-8445-44DF-8FD5-4D17AD21ED0D}.Release|Any CPU.ActiveCfg = Release|Any CPU
		{5ED7F889-8445-44DF-8FD5-4D17AD21ED0D}.Release|Any CPU.Build.0 = Release|Any CPU
		{09AC3E65-660A-489B-B505-218D89324C11}.Debug|Any CPU.ActiveCfg = Debug|Any CPU
		{09AC3E65-660A-489B-B505-218D89324C11}.Debug|Any CPU.Build.0 = Debug|Any CPU
		{09AC3E65-660A-489B-B505-218D89324C11}.Release|Any CPU.ActiveCfg = Release|Any CPU
		{09AC3E65-660A-489B-B505-218D89324C11}.Release|Any CPU.Build.0 = Release|Any CPU
	EndGlobalSection
	GlobalSection(SolutionProperties) = preSolution
		HideSolutionNode = FALSE
	EndGlobalSection
	GlobalSection(ExtensibilityGlobals) = postSolution
		SolutionGuid = {9B3DB14E-4A10-4733-8351-7FE32EA52A48}
	EndGlobalSection
EndGlobal
